{
  "requires": true,
  "lockfileVersion": 1,
  "dependencies": {
    "@types/web-bluetooth": {
      "version": "0.0.9",
      "resolved": "https://registry.npmjs.org/@types/web-bluetooth/-/web-bluetooth-0.0.9.tgz",
      "integrity": "sha512-P6oHnRSEqRCR1fdAtJXmKBiHE3fOWtNFyfjm9NQZPrxdQjSZgRSiKRiHjLyKBh8eCvM8ldDS8/VJN0qKg0Pk1Q==",
      "dev": true
    }
  }
}
